
Microsoft Visual Studio Solution File, Format Version 12.00
# Visual Studio Version 17
VisualStudioVersion = 17.0.31903.59
MinimumVisualStudioVersion = 10.0.40219.1
Project("{FAE04EC0-301F-11D3-BF4B-00C04F79EFBC}") = "Triangulo18A", "Triangulo18A.csproj", "{A3119237-AFF8-4148-BBDE-391693175224}"
EndProject
Global
	GlobalSection(SolutionConfigurationPlatforms) = preSolution
		Debug|Any CPU = Debug|Any CPU
		Release|Any CPU = Release|Any CPU
	EndGlobalSection
	GlobalSection(ProjectConfigurationPlatforms) = postSolution
		{A3119237-AFF8-4148-BBDE-391693175224}.Debug|Any CPU.ActiveCfg = Debug|Any CPU
		{A3119237-AFF8-4148-BBDE-391693175224}.Debug|Any CPU.Build.0 = Debug|Any CPU
		{A3119237-AFF8-4148-BBDE-391693175224}.Release|Any CPU.ActiveCfg = Release|Any CPU
		{A3119237-AFF8-4148-BBDE-391693175224}.Release|Any CPU.Build.0 = Release|Any CPU
	EndGlobalSection
	GlobalSection(SolutionProperties) = preSolution
		HideSolutionNode = FALSE
	EndGlobalSection
	GlobalSection(ExtensibilityGlobals) = postSolution
		SolutionGuid = {5D1033E2-D70C-448E-8E4C-387F8CD735F8}
	EndGlobalSection
EndGlobal
